
Microsoft Visual Studio Solution File, Format Version 12.00
# Visual Studio Version 16
VisualStudioVersion = 16.0.29009.5
MinimumVisualStudioVersion = 10.0.40219.1
Project("{FAE04EC0-301F-11D3-BF4B-00C04F79EFBC}") = "Lab7-RegularExpressions", "Lab7-RegularExpressions\Lab7-RegularExpressions.csproj", "{B8FB6DF9-5DEF-499D-A92D-60BEFB19981A}"
EndProject
Global
	GlobalSection(SolutionConfigurationPlatforms) = preSolution
		Debug|Any CPU = Debug|Any CPU
		Release|Any CPU = Release|Any CPU
	EndGlobalSection
	GlobalSection(ProjectConfigurationPlatforms) = postSolution
		{B8FB6DF9-5DEF-499D-A92D-60BEFB19981A}.Debug|Any CPU.ActiveCfg = Debug|Any CPU
		{B8FB6DF9-5DEF-499D-A92D-60BEFB19981A}.Debug|Any CPU.Build.0 = Debug|Any CPU
		{B8FB6DF9-5DEF-499D-A92D-60BEFB19981A}.Release|Any CPU.ActiveCfg = Release|Any CPU
		{B8FB6DF9-5DEF-499D-A92D-60BEFB19981A}.Release|Any CPU.Build.0 = Release|Any CPU
	EndGlobalSection
	GlobalSection(SolutionProperties) = preSolution
		HideSolutionNode = FALSE
	EndGlobalSection
	GlobalSection(ExtensibilityGlobals) = postSolution
		SolutionGuid = {94464057-893D-461E-B023-958AFD5301EC}
	EndGlobalSection
EndGlobal
